
Microsoft Visual Studio Solution File, Format Version 12.00
# Visual Studio Version 17
VisualStudioVersion = 17.4.33205.214
MinimumVisualStudioVersion = 10.0.40219.1
Project("{888888A0-9F3D-457C-B088-3A5042F75D52}") = "vadim.krivonogov", "vadim.krivonogov\vadim.krivonogov.pyproj", "{4CF00BC6-4619-4284-B644-146C088037AD}"
EndProject
Global
	GlobalSection(SolutionConfigurationPlatforms) = preSolution
		Debug|Any CPU = Debug|Any CPU
		Release|Any CPU = Release|Any CPU
	EndGlobalSection
	GlobalSection(ProjectConfigurationPlatforms) = postSolution
		{4CF00BC6-4619-4284-B644-146C088037AD}.Debug|Any CPU.ActiveCfg = Debug|Any CPU
		{4CF00BC6-4619-4284-B644-146C088037AD}.Release|Any CPU.ActiveCfg = Release|Any CPU
	EndGlobalSection
	GlobalSection(SolutionProperties) = preSolution
		HideSolutionNode = FALSE
	EndGlobalSection
	GlobalSection(ExtensibilityGlobals) = postSolution
		SolutionGuid = {82644210-AFE7-4930-A4E7-72B28EC4554B}
	EndGlobalSection
EndGlobal
